
Microsoft Visual Studio Solution File, Format Version 12.00
# Visual Studio 14
VisualStudioVersion = 14.0.23107.0
MinimumVisualStudioVersion = 10.0.40219.1
Project("{FAE04EC0-301F-11D3-BF4B-00C04F79EFBC}") = "TruckManager", "TruckManager\TruckManager.csproj", "{D4299FB4-58DC-4245-866C-023E3428EA0E}"
EndProject
Project("{FAE04EC0-301F-11D3-BF4B-00C04F79EFBC}") = "TestTruckManager", "TestTruckManager\TestTruckManager.csproj", "{5C2EF818-74E3-4192-ACED-8D3A2E79B52E}"
EndProject
Global
	GlobalSection(SolutionConfigurationPlatforms) = preSolution
		Debug|Any CPU = Debug|Any CPU
		Release|Any CPU = Release|Any CPU
	EndGlobalSection
	GlobalSection(ProjectConfigurationPlatforms) = postSolution
		{D4299FB4-58DC-4245-866C-023E3428EA0E}.Debug|Any CPU.ActiveCfg = Debug|Any CPU
		{D4299FB4-58DC-4245-866C-023E3428EA0E}.Debug|Any CPU.Build.0 = Debug|Any CPU
		{D4299FB4-58DC-4245-866C-023E3428EA0E}.Release|Any CPU.ActiveCfg = Release|Any CPU
		{D4299FB4-58DC-4245-866C-023E3428EA0E}.Release|Any CPU.Build.0 = Release|Any CPU
		{5C2EF818-74E3-4192-ACED-8D3A2E79B52E}.Debug|Any CPU.ActiveCfg = Debug|Any CPU
		{5C2EF818-74E3-4192-ACED-8D3A2E79B52E}.Debug|Any CPU.Build.0 = Debug|Any CPU
		{5C2EF818-74E3-4192-ACED-8D3A2E79B52E}.Release|Any CPU.ActiveCfg = Release|Any CPU
		{5C2EF818-74E3-4192-ACED-8D3A2E79B52E}.Release|Any CPU.Build.0 = Release|Any CPU
	EndGlobalSection
	GlobalSection(SolutionProperties) = preSolution
		HideSolutionNode = FALSE
	EndGlobalSection
EndGlobal
